{
    "_meta": {
        "hash": {
            "sha256": "b6de7891355674b371f5aac64a24848cc749f577c28a2081f874cca93a0a51f2"
        },
        "pipfile-spec": 6,
        "requires": {
            "python_version": "3.8"
        },
        "sources": [
            {
                "name": "pypi",
                "url": "https://pypi.org/simple",
                "verify_ssl": true
            }
        ]
    },
    "default": {
        "attrs": {
            "hashes": [
                "sha256:31b2eced602aa8423c2aea9c76a724617ed67cf9513173fd3a4f03e3a929c7e6",
                "sha256:832aa3cde19744e49938b91fea06d69ecb9e649c93ba974535d08ad92164f700"
            ],
            "markers": "python_version >= '2.7' and python_version not in '3.0, 3.1, 3.2, 3.3'",
            "version": "==20.3.0"
        },
        "aws-cdk-aws-codepipeline": {
            "hashes": [
                "sha256:352c6bc80343cb93f70483b3236e6acd1f09f1ea46237f552b02d3e156b6a425",
                "sha256:50f7393b67b59605038d4798b20a231ad8e4751237098357c08e89a5f190bb98"
            ],
            "index": "pypi",
            "version": "==1.78.0"
        },
        "aws-cdk-aws-codepipeline-actions": {
            "hashes": [
                "sha256:a8d30b8300299af13c8674ac23a09689a463a9588961b89468a9b5e66b10e6e4",
                "sha256:af66cfac78fd212de0a883da582a0d552445b86228e7a75a03cb0476a35915e4"
            ],
            "index": "pypi",
            "version": "==1.78.0"
        },
        "aws-cdk.assets": {
            "hashes": [
                "sha256:7005981ce93a77a21404536aa0fddcb6b25529f9c137df8ab9d51e15df10b283",
                "sha256:94ebf31ecffd6827c6e0abc711fb43a6bf7a11b3c098ec549ed09400b42b42ed"
            ],
            "index": "pypi",
            "version": "==1.78.0"
        },
        "aws-cdk.aws-apigateway": {
            "hashes": [
                "sha256:02be10be46dd43a0e4b98bb5a0974a61a4fc7c4eb6f826a6e8d69cdc646c5964",
                "sha256:6606f5977f64a0e207b0f664824f85974d81e4b811965f13dc7c821d4561887b"
            ],
            "index": "pypi",
            "version": "==1.78.0"
        },
        "aws-cdk.aws-apigatewayv2": {
            "hashes": [
                "sha256:a75aa03f9a1f87798f5b2165b65f68a343b58e6b615bd4eae816b2466c5bc860",
                "sha256:bba3541e869174f85635cb78e22a461da94fff0183f0b9a8913d4e7fc8f7cae4"
            ],
            "markers": "python_version >= '3.6'",
            "version": "==1.78.0"
        },
        "aws-cdk.aws-applicationautoscaling": {
            "hashes": [
                "sha256:54492898be5cc805df0d74b946ab926e2b809c383695960e12984f4127975315",
                "sha256:6b194dd39d0c9066bbcc0da019518f3c0b444893c090d0a787e8b85ac87e28f7"
            ],
            "index": "pypi",
            "version": "==1.78.0"
        },
        "aws-cdk.aws-autoscaling": {
            "hashes": [
                "sha256:60efa6bb7210880bfac81ea404624033b4576896fbf46c8eebc3f29d2da52902",
                "sha256:b2d6b558325fde11db56af6cbfdf3559d75fe07f0d0dbefba15e2836f726c45c"
            ],
            "index": "pypi",
            "version": "==1.78.0"
        },
        "aws-cdk.aws-autoscaling-common": {
            "hashes": [
                "sha256:b3a5e1702c1cc410920c42359fbc5a637af4b157ae76796d27a86a095572e788",
                "sha256:b962d3510f84d01a9a7254e247429bab35088da8e206d45bfd651efe7da8f4ca"
            ],
            "index": "pypi",
            "version": "==1.78.0"
        },
        "aws-cdk.aws-autoscaling-hooktargets": {
            "hashes": [
                "sha256:45b93c80ddf19b994ca0e823774f22e7205d9975ae92a1096acc8c7b1109a185",
                "sha256:e16dd548ba5904205d92785411b21407bef07b96f7c3745626df7cb68b91a1bd"
            ],
            "index": "pypi",
            "version": "==1.78.0"
        },
        "aws-cdk.aws-batch": {
            "hashes": [
                "sha256:140f6a4848a27578aa366ebf481c13569ad37decd9375dd51d13becdd3765e77",
                "sha256:bafed4137426a9d4f6a37ed9183fd1f4cb6511858af418c72762ce080f83ad13"
            ],
            "markers": "python_version >= '3.6'",
            "version": "==1.78.0"
        },
        "aws-cdk.aws-certificatemanager": {
            "hashes": [
                "sha256:7914a717a97c74fdb30b99503a0cb57bf41e431df599d72592d6b540679fede8",
                "sha256:ceb798b0c7d906dd9d215da182c12e84192b2a21d47624d03b3d270fb5067782"
            ],
            "index": "pypi",
            "version": "==1.78.0"
        },
        "aws-cdk.aws-cloudformation": {
            "hashes": [
                "sha256:b89d1724f406ca59ab98eaad07d9c3904984a9b74e10504bad3d044f51ca438b",
                "sha256:e1929c598a8b0365dff8463ce6d5425e1b6211ab31cc598c89cc98e55c60a9a0"
            ],
            "index": "pypi",
            "version": "==1.78.0"
        },
        "aws-cdk.aws-cloudfront": {
            "hashes": [
                "sha256:816bdc808a6cce55f5da3096d8bd1ece9a24e1baaa4ec77e9669277607489f75",
                "sha256:c098ece495d53566bbd472ae4c572edff8f95b640afaae452154b540b098fd26"
            ],
            "index": "pypi",
            "version": "==1.78.0"
        },
        "aws-cdk.aws-cloudfront-origins": {
            "hashes": [
                "sha256:909d527f7484b551b75a91665dfcad0316d5686922503b052fef2d7988958b07",
                "sha256:bc87171db04f6307fe992d59c64c4ea5ae63439f17182fc9fb3b366a40ee6b3a"
            ],
            "index": "pypi",
            "version": "==1.78.0"
        },
        "aws-cdk.aws-cloudwatch": {
            "hashes": [
                "sha256:4b27a8b43e67fda239448663c180613a2e6e6afcce8bbc91f4123f00fa37cca3",
                "sha256:93372393005396cdf48b42a25d13e1f0828317a4d87b96a76788b7fd9fdfdd86"
            ],
            "index": "pypi",
            "version": "==1.78.0"
        },
        "aws-cdk.aws-codebuild": {
            "hashes": [
                "sha256:5ac3aa54a19e83fff682ad26d274c26c50b7592abf4e74feea30421ff3610947",
                "sha256:c7fab8a4ed791da0db92ce945d37bf2f6758d35738232a134080ab3e5f4eca8e"
            ],
            "index": "pypi",
            "version": "==1.78.0"
        },
        "aws-cdk.aws-codecommit": {
            "hashes": [
                "sha256:2cfed72dda1344f8acff18023fabb5d2d597a5078cca12387512f95006d252a6",
                "sha256:56d1d608980b6ef6ab6c1e3b76e8c16501947a5fb0f2343b8b0d7346b1c192f6"
            ],
            "index": "pypi",
            "version": "==1.78.0"
        },
        "aws-cdk.aws-codedeploy": {
            "hashes": [
                "sha256:580e20698c6cd7a0da8e4a1f72733dd0f1b1f4bc82b4cc7d66343af0c73b09ef",
                "sha256:b61701aa5b5932cd123b603d4b4fbdba6401d3c34a4f06c441a760b45900199c"
            ],
            "index": "pypi",
            "version": "==1.78.0"
        },
        "aws-cdk.aws-codeguruprofiler": {
            "hashes": [
                "sha256:4f4fa5955accfcf0b0da516eace04af2a608a591dea95d6ddfddb4e04ca9ac8f",
                "sha256:d983480d2c148a4224a4f22477fc342763f5ba69a320137eb7520228195aa326"
            ],
            "markers": "python_version >= '3.6'",
            "version": "==1.78.0"
        },
        "aws-cdk.aws-codepipeline": {
            "hashes": [
                "sha256:352c6bc80343cb93f70483b3236e6acd1f09f1ea46237f552b02d3e156b6a425",
                "sha256:50f7393b67b59605038d4798b20a231ad8e4751237098357c08e89a5f190bb98"
            ],
            "index": "pypi",
            "version": "==1.78.0"
        },
        "aws-cdk.aws-cognito": {
            "hashes": [
                "sha256:5e2f77f5692b5be6344151412b48dd44a1800e3ab04a511eb73a32be109ed236",
                "sha256:ba72c0b709fb7a29f130c0253bc228ed13e7d86189ada0e6aef50d429ddd2f15"
            ],
            "markers": "python_version >= '3.6'",
            "version": "==1.78.0"
        },
        "aws-cdk.aws-dynamodb": {
            "hashes": [
                "sha256:9cf87a463c31e2952d003e11d65450644a93cc55000f4139c4780c9997370cfd",
                "sha256:f7083701a4954ad5a917a37136f7f311641d52529ee77a8da6a755d0d65d22df"
            ],
            "index": "pypi",
            "version": "==1.78.0"
        },
        "aws-cdk.aws-ec2": {
            "hashes": [
                "sha256:057a03604b148b84c99504fe2dbcfe9da191859427250349859771264b4f741b",
                "sha256:44a5db6d8a82d83ddecfe0e86472cb19cbbb771c5af9a9e99f2fee90aa4d06c8"
            ],
            "index": "pypi",
            "version": "==1.78.0"
        },
        "aws-cdk.aws-ecr": {
            "hashes": [
                "sha256:000f557c0aa20e340b57f2fde0e3f550490a1ddda2e0b05e3307297b1563f114",
                "sha256:7b2ba5d46215ec1e46f6ef7eb1f4321a4d7d9501f5462fbe414a384eaff3fe29"
            ],
            "index": "pypi",
            "version": "==1.78.0"
        },
        "aws-cdk.aws-ecr-assets": {
            "hashes": [
                "sha256:3432f2e628c0bf91282adfccb595d00ed7c6c6e9109d7f9d8fc3b86e1f3dac17",
                "sha256:df052fc298b76d4992e95fca66d686ff5236ea7c7b7354c79cea5088017294f4"
            ],
            "index": "pypi",
            "version": "==1.78.0"
        },
        "aws-cdk.aws-ecs": {
            "hashes": [
                "sha256:382f7f4850d07f5dfcc26eef167dd2eba884f6d928ffb1ee56031598882555af",
                "sha256:8c6e02d929621d8ff4efde2dcf2735172aa804d4c0fdc7401379f418a30afa68"
            ],
            "index": "pypi",
            "version": "==1.78.0"
        },
        "aws-cdk.aws-ecs-patterns": {
            "hashes": [
                "sha256:00ef909bc28b8a01af09cb61fc2233edae79fad83ed317ecbe2a26810569c29e",
                "sha256:e60933121ecef6ca5e828fdc27afc24788364afe050ef889e4438f16c763be18"
            ],
            "index": "pypi",
            "version": "==1.78.0"
        },
        "aws-cdk.aws-efs": {
            "hashes": [
                "sha256:7a546d9f2da80e196e3c89823c4b0a6e3d3a53beff13fb437476a77bea74ef49",
                "sha256:cc22ae13cfe80aebe3836adfddf3a13f114448e01bc91cb516aafc4655f20a16"
            ],
            "markers": "python_version >= '3.6'",
            "version": "==1.78.0"
        },
        "aws-cdk.aws-elasticloadbalancing": {
            "hashes": [
                "sha256:331643a7aff00e43fb211a458bd0d8cae04fa650c2df37ffc1b955057e929b5a",
                "sha256:3e472f4a925690de75e892bfcb09fe91e964ade059b6ad7ca72fb1956e071f94"
            ],
            "index": "pypi",
            "version": "==1.78.0"
        },
        "aws-cdk.aws-elasticloadbalancingv2": {
            "hashes": [
                "sha256:174a81f79d506d9a033a7f112a182653a18a9cbd78b6122f5ee9daa233ae8b82",
                "sha256:b1b91d8eeb70d0d6724f742fd7f849f72cb3ddec040f4613399ad1f76e344798"
            ],
            "index": "pypi",
            "version": "==1.78.0"
        },
        "aws-cdk.aws-events": {
            "hashes": [
                "sha256:99a5be87ea08a6a6d1e7fc9877f081fcfdcdf851b181bc8f05504ce12df62186",
                "sha256:b65ad27f01bc01e8d677d4b1fa8049bb66d4c2e854cf4ba1139299eea82976ef"
            ],
            "index": "pypi",
            "version": "==1.78.0"
        },
        "aws-cdk.aws-events-targets": {
            "hashes": [
                "sha256:356c9de22f08a635cb75521e2665cf292ac0479e3968df29c6477b6bcd9625f0",
                "sha256:7eaaf5600cc220641a2638b7518730a7ed7f5de6e3e6393d152be5bff263359d"
            ],
            "index": "pypi",
            "version": "==1.78.0"
        },
        "aws-cdk.aws-glue": {
            "hashes": [
                "sha256:4a815278b8c582a169b7f85bc40effea92acd09fc150530c4c111d2ea1be507b",
                "sha256:d274b75054c3e1b1e0276920325579bc83bec6111ee89adfc9f83cf3dd580728"
            ],
            "markers": "python_version >= '3.6'",
            "version": "==1.78.0"
        },
        "aws-cdk.aws-iam": {
            "hashes": [
                "sha256:69e49177bb189bdd0964a217cb566a19d2621365a89e8bc5051a5358600b5766",
                "sha256:9ab67de426285380c09ddd1cc6b1d8e1023f2ee5dab4a368ace02ed1e8096f9c"
            ],
            "index": "pypi",
            "version": "==1.78.0"
        },
        "aws-cdk.aws-kinesis": {
            "hashes": [
                "sha256:49f7947bc61ca930297c5008a1334bee7a19cc6e125b80f11202ab022a7a4fca",
                "sha256:9da914de09e86a24ec255ca73dd8ef3606013cd8b2ba595fe23b515dd1bc07ba"
            ],
            "index": "pypi",
            "version": "==1.78.0"
        },
        "aws-cdk.aws-kinesisfirehose": {
            "hashes": [
                "sha256:08399af90ff69ae63cd3a384d79e9d37ef20f123a1fe1ada202534216b07b181",
                "sha256:5842b976eba5541daa89f625cb437913f533f4ca8e3972f2418233135ddea77f"
            ],
            "markers": "python_version >= '3.6'",
            "version": "==1.78.0"
        },
        "aws-cdk.aws-kms": {
            "hashes": [
                "sha256:0e6862383137260285674f9ef3e42648c791d50d1bd8d37130cf5a15c1b830c9",
                "sha256:795879786b45673ec141c09ae5e7cd617a2d2c3c172f9182cc48465f46daafec"
            ],
            "index": "pypi",
            "version": "==1.78.0"
        },
        "aws-cdk.aws-lambda": {
            "hashes": [
                "sha256:454c1b8e4215a739e8db5b03e247994e15995ac214c7504c8f01b3e49efd9995",
                "sha256:af58a1380854cdac8d2028a96e8408f8fd5c226ccc7d275adcf274e168f9b060"
            ],
            "index": "pypi",
            "version": "==1.78.0"
        },
        "aws-cdk.aws-lambda-event-sources": {
            "hashes": [
                "sha256:2ae19c3852d77423831b37790bb0c96059b3f3ec1c29e51050c6b9fe8c40a62a",
                "sha256:cb102c9b559cdca307e609c0abb0baaae5346d6f261527a53a227623115569c5"
            ],
            "index": "pypi",
            "version": "==1.78.0"
        },
        "aws-cdk.aws-logs": {
            "hashes": [
                "sha256:77cc8df21405e09a8db641daf8f92a987c3a0e796bc5445d2346880bf9275f38",
                "sha256:d4eb17689a02f3342c1317d07190622102503ae43b29400250a2ffbb6d1832cd"
            ],
            "index": "pypi",
            "version": "==1.78.0"
        },
        "aws-cdk.aws-rds": {
            "hashes": [
                "sha256:1537a629e198ed437ea33732d74d195b6830ad749788ce796a90fb333c845c6c",
                "sha256:1a000889c9e4790bc2430c9dfb0400738fca19307a5eba2e3be48cd93c160b7f"
            ],
            "index": "pypi",
            "version": "==1.78.0"
        },
        "aws-cdk.aws-route53": {
            "hashes": [
                "sha256:6084a08628799f7fac549838d9fdfed47cbcc104f9e64862a57deddfb2805b98",
                "sha256:bdf1d55971be1502ed47e402a22752ac4a95019469918fca2315448cecea334e"
            ],
            "index": "pypi",
            "version": "==1.78.0"
        },
        "aws-cdk.aws-route53-targets": {
            "hashes": [
                "sha256:6f8f321aadacecf26a9b5b5597c46c2f67183f7f18885f5dfc2e4ad5cefdc98c",
                "sha256:d1290fc6b91f01461d38136bed774033b855040c3aa49c74c45e2dc1f32c6c96"
            ],
            "index": "pypi",
            "version": "==1.78.0"
        },
        "aws-cdk.aws-s3": {
            "hashes": [
                "sha256:b1f70c9177fb02c3494e105b64c4eee9b653545277574c49d961045252ce6bbc",
                "sha256:ebcf7485a5e22442b59823800b7fb248bba54470826c647d21aa8997a446ca80"
            ],
            "index": "pypi",
            "version": "==1.78.0"
        },
        "aws-cdk.aws-s3-assets": {
            "hashes": [
                "sha256:5fb2ff996ed92794a37089de4507c9953a3f7ee92a7ea17b82d50637d37ce2c7",
                "sha256:f4a5f12ace79e638be223171ded76d7f94ff446dfe24565fa37fcacd29f23ace"
            ],
            "index": "pypi",
            "version": "==1.78.0"
        },
        "aws-cdk.aws-s3-notifications": {
            "hashes": [
                "sha256:7e17528193b30bf8d00ba696f75d55f4720073f7fa3db83b814ac230ccb61f30",
                "sha256:856c4b3494a0c89dd2ac96fd3bfbe2fd748d38ac46c0671e0a60cd65edabf9ec"
            ],
            "index": "pypi",
            "version": "==1.78.0"
        },
        "aws-cdk.aws-sam": {
            "hashes": [
                "sha256:01dec0c907558748f03eb24ef66e9839403b3f26cea326c13a2e45787d129e22",
                "sha256:6df29fb4cd808ff4b707e2c4a830933b27a68005f9b07544c0d34a910540e0d2"
            ],
            "index": "pypi",
            "version": "==1.78.0"
        },
        "aws-cdk.aws-secretsmanager": {
            "hashes": [
                "sha256:137796c2d07c46a5f6abb7e5a59758ca73439725829e8d8d2a04f036318e4f6b",
                "sha256:835dc18ef67f8583065b58b1e31505054f918326a2369dcafacdf9abaf08eb2c"
            ],
            "index": "pypi",
            "version": "==1.78.0"
        },
        "aws-cdk.aws-servicecatalog": {
            "hashes": [
                "sha256:0c4219d61a44b72ac03427e6250597f3cc8ea807a1b810466382decc80c2210a",
                "sha256:a1cd42a694831138b6146ef2ed11bd56a1d41ef654d9cdc6cbcc2b471a117201"
            ],
            "markers": "python_version >= '3.6'",
            "version": "==1.78.0"
        },
        "aws-cdk.aws-servicediscovery": {
            "hashes": [
                "sha256:96838796a3f57118ab5afbe20c07751c22ae43b1b1d0e0981d4dfd8915eb78f5",
                "sha256:fe2f8334ed0221667bfe6de5795f182f4fb73f3511abdf269b9ebcf574e17ecd"
            ],
            "index": "pypi",
            "version": "==1.78.0"
        },
        "aws-cdk.aws-sns": {
            "hashes": [
                "sha256:744d7b1ced9529d1702dca69ba17194d934e0efc9dcdca8bf8d4d8b37b9dbfe7",
                "sha256:97c5435bc9680e9d7931ffc959fc4734f14a2607027d5b63d29bc7b289e1001e"
            ],
            "index": "pypi",
            "version": "==1.78.0"
        },
        "aws-cdk.aws-sns-subscriptions": {
            "hashes": [
                "sha256:4fecec42b3f809561f2abfeaadf7ddd9ff42aa8be71f07281469dfcea0f144b3",
                "sha256:d4a9930f9649c5e7fb2d2ff0f3b7e8823ed3b2aa15dc24727624597f83a544e7"
            ],
            "index": "pypi",
            "version": "==1.78.0"
        },
        "aws-cdk.aws-sqs": {
            "hashes": [
                "sha256:6a4370a4da81f1237e7222cfacdaf010cabed2d4baa449d7218fa6851ab68824",
                "sha256:abef8c2ed47cf8bde9e8a5edf512096b62a1145d9bf27de80258073325d1e598"
            ],
            "index": "pypi",
            "version": "==1.78.0"
        },
        "aws-cdk.aws-ssm": {
            "hashes": [
                "sha256:1cf7479f9f9315f2d659265407c76daf349608092d7df8222a9b8afdebc429c6",
                "sha256:86b5491cce1c1c84adc30b71455aa378b4a9f3d128c02c800d44f78914a3d1f7"
            ],
            "index": "pypi",
            "version": "==1.78.0"
        },
        "aws-cdk.aws-stepfunctions": {
            "hashes": [
                "sha256:1f93edb6c7cfa3c89bfc2dda85993a33461002a5a91abdc8e36d4968445f5e6f",
                "sha256:e0959b4b8e7a3c8029872cce91a0923e764f14b2248d275ae6f49c0e88dd30c3"
            ],
            "index": "pypi",
            "version": "==1.78.0"
        },
        "aws-cdk.aws-stepfunctions-tasks": {
            "hashes": [
                "sha256:55721ef7a9ff21cfaf0bcab30eb721e4ebeaf5806fef76fbf98b89631ac11a86",
                "sha256:e509fec21c9c708d924cd057fd567e89e2ee7c4a67585fd90cc72097f9b8271a"
            ],
            "index": "pypi",
            "version": "==1.78.0"
        },
        "aws-cdk.cloud-assembly-schema": {
            "hashes": [
                "sha256:33cff0a7719292e8ab64866becc40eb2c73550aaeb75d197df5eebe430f507c3",
                "sha256:8ebd1961aae8659f69b4e6364f4d6355c0bd850dc1fb2f787e12a475d7adef57"
            ],
            "markers": "python_version >= '3.6'",
            "version": "==1.78.0"
        },
        "aws-cdk.core": {
            "hashes": [
                "sha256:45b12917a932e5aa9deb3dc75eaa03269fb9ceacb5365523843abe9f2cb77405",
                "sha256:790c05cb4bf34387289ec017b526c6aab1dba990a22b5ca1df1e062fc66c0590"
            ],
            "index": "pypi",
            "version": "==1.78.0"
        },
        "aws-cdk.custom-resources": {
            "hashes": [
                "sha256:30bb4926b426bc7aef2a63f320d91a9714e711727f5bd8b65821d32ed26176bc",
                "sha256:7b544a3c5670b03755e88e49bd851b13e9ed51562b69de67afad75de4178a487"
            ],
            "markers": "python_version >= '3.6'",
            "version": "==1.78.0"
        },
        "aws-cdk.cx-api": {
            "hashes": [
                "sha256:c8437427674d9f8c8a2bc8dbfddc62eb138c2db32544c33962e4fa9eaa74f791",
                "sha256:dcbda085bd33c453c501f7e928485c3426418d976e10bef589c7f69f8b40b7f5"
            ],
            "index": "pypi",
            "version": "==1.78.0"
        },
        "aws-cdk.region-info": {
            "hashes": [
                "sha256:a6bf42ad929dbb32bbcd19b896e0f985eec67285a7cbdc1d83696c84a534ae6e",
                "sha256:e97f88069a9319e2e81378e1d69f07e5a5ecb3cd8e0d889656e2134115288934"
            ],
            "index": "pypi",
            "version": "==1.78.0"
        },
        "boto3": {
            "hashes": [
                "sha256:0d9cbeb5c8ca67650cc963c77e2e3b3ab5dffeeee16e03d61d740755f8fc7c44",
                "sha256:df73edf3bd6f191870212e04ae9a8bc6245fd6749f464e9fb950392a8d15bd8c"
            ],
            "index": "pypi",
            "version": "==1.14.47"
        },
        "botocore": {
            "hashes": [
                "sha256:40f13f6c9c29c307a9dc5982739e537ddce55b29787b90c3447b507e3283bcd6",
                "sha256:aa88eafc6295132f4bc606f1df32b3248e0fa611724c0a216aceda767948ac75"
            ],
            "version": "==1.17.63"
        },
        "cattrs": {
            "hashes": [
                "sha256:967ce8f99b79f112a500fc03d02c4da669966055ea190b0c59a023af0ae33e5f",
                "sha256:a5873cd4745a74388557730247b4bb005d762f8aba0ab7aa55bcbd190bdf3322"
            ],
            "markers": "python_version >= '3.7'",
            "version": "==1.1.2"
        },
        "constructs": {
            "hashes": [
                "sha256:898ed1435bf72d876195c2b0bcb1f5bdfd011dc93c08fcb87b2421adfee95e35",
                "sha256:cb3bc9342fed5a0dc8319fe40d8c3a556cc6643219efdb276762dfa503919bb4"
            ],
            "markers": "python_version >= '3.6'",
            "version": "==3.2.74"
        },
        "docutils": {
            "hashes": [
                "sha256:6c4f696463b79f1fb8ba0c594b63840ebd41f059e92b31957c46b74a4599b6d0",
                "sha256:9e4d7ecfc600058e07ba661411a2b7de2fd0fafa17d1a7f7361cd47b1175c827",
                "sha256:a2aeea129088da402665e92e0b25b04b073c04b2dce4ab65caaa38b7ce2e1a99"
            ],
            "markers": "python_version >= '2.6' and python_version not in '3.0, 3.1, 3.2'",
            "version": "==0.15.2"
        },
        "jmespath": {
            "hashes": [
                "sha256:b85d0567b8666149a93172712e68920734333c0ce7e89b78b3e987f71e5ed4f9",
                "sha256:cdf6525904cc597730141d61b36f2e4b8ecc257c420fa2f4549bac2c2d0cb72f"
            ],
            "markers": "python_version >= '2.6' and python_version not in '3.0, 3.1, 3.2'",
            "version": "==0.10.0"
        },
        "jsii": {
            "hashes": [
                "sha256:afbd9905f6ddd0b53a07f085767e18619eb6ccf917663b6e69d5a93aaf927825",
                "sha256:c7bb8e7925498a27e677753514751c4e7934886327097e94151766160511620a"
            ],
            "markers": "python_version ~= '3.6'",
            "version": "==1.16.0"
        },
        "publication": {
            "hashes": [
                "sha256:0248885351febc11d8a1098d5c8e3ab2dabcf3e8c0c96db1e17ecd12b53afbe6",
                "sha256:68416a0de76dddcdd2930d1c8ef853a743cc96c82416c4e4d3b5d901c6276dc4"
            ],
            "version": "==0.0.3"
        },
        "python-dateutil": {
            "hashes": [
                "sha256:73ebfe9dbf22e832286dafa60473e4cd239f8592f699aa5adaf10050e6e1823c",
                "sha256:75bb3f31ea686f1197762692a9ee6a7550b59fc6ca3a1f4b5d7e32fb98e2da2a"
            ],
            "markers": "python_version >= '2.7' and python_version not in '3.0, 3.1, 3.2'",
            "version": "==2.8.1"
        },
        "s3transfer": {
            "hashes": [
                "sha256:2482b4259524933a022d59da830f51bd746db62f047d6eb213f2f8855dcb8a13",
                "sha256:921a37e2aefc64145e7b73d50c71bb4f26f46e4c9f414dc648c6245ff92cf7db"
            ],
            "version": "==0.3.3"
        },
        "six": {
            "hashes": [
                "sha256:30639c035cdb23534cd4aa2dd52c3bf48f06e5f4a941509c8bafd8ce11080259",
                "sha256:8b74bedcbbbaca38ff6d7491d76f2b06b3592611af620f8426e82dddb04a5ced"
            ],
            "markers": "python_version >= '2.7' and python_version not in '3.0, 3.1, 3.2'",
            "version": "==1.15.0"
        },
        "typing-extensions": {
            "hashes": [
                "sha256:7cb407020f00f7bfc3cb3e7881628838e69d8f3fcab2f64742a5e76b2f841918",
                "sha256:99d4073b617d30288f569d3f13d2bd7548c3a7e4c8de87db09a9d29bb3a4a60c",
                "sha256:dafc7639cde7f1b6e1acc0f457842a83e722ccca8eef5270af2d74792619a89f"
            ],
            "version": "==3.7.4.3"
        },
        "urllib3": {
            "hashes": [
                "sha256:8d7eaa5a82a1cac232164990f04874c594c9453ec55eef02eab885aa02fc17a2",
                "sha256:f5321fbe4bf3fefa0efd0bfe7fb14e90909eb62a48ccda331726b4319897dd5e"
            ],
            "markers": "python_version != '3.4'",
            "version": "==1.25.11"
        }
    },
    "develop": {}
}
